
Microsoft Visual Studio Solution File, Format Version 12.00
# Visual Studio 14
VisualStudioVersion = 14.0.25420.1
MinimumVisualStudioVersion = 10.0.40219.1
Project("{FAE04EC0-301F-11D3-BF4B-00C04F79EFBC}") = "DiamondBudgets.Droid", "DiamondBudgets\DiamondBudgets.Droid\DiamondBudgets.Droid.csproj", "{40FD1C7F-F154-44CD-B69F-3A81BF6AE8E3}"
EndProject
Project("{FAE04EC0-301F-11D3-BF4B-00C04F79EFBC}") = "DiamondBudgets.iOS", "DiamondBudgets\DiamondBudgets.iOS\DiamondBudgets.iOS.csproj", "{A2D7E961-5B60-4163-BFE4-B909C7681FC3}"
EndProject
Project("{FAE04EC0-301F-11D3-BF4B-00C04F79EFBC}") = "DiamondBudgets.WinPhone", "DiamondBudgets\DiamondBudgets.WinPhone\DiamondBudgets.WinPhone.csproj", "{1B032319-FA7F-4F94-9AB4-25E1B1B00CDC}"
EndProject
Project("{FAE04EC0-301F-11D3-BF4B-00C04F79EFBC}") = "DiamondBudgets.UWP", "DiamondBudgets\DiamondBudgets.UWP\DiamondBudgets.UWP.csproj", "{0A099E19-A2D3-46C4-AAC2-66DBDBFCADCA}"
EndProject
Project("{FAE04EC0-301F-11D3-BF4B-00C04F79EFBC}") = "DiamondBudgets.Windows", "DiamondBudgets\DiamondBudgets.Windows\DiamondBudgets.Windows.csproj", "{7C808DC3-63B2-4679-904D-2519598182EE}"
EndProject
Project("{FAE04EC0-301F-11D3-BF4B-00C04F79EFBC}") = "DiamondBudgets", "DiamondBudgets\DiamondBudgets\DiamondBudgets.csproj", "{1584E344-3E39-48DC-8CAE-D6122A517169}"
EndProject
Global
	GlobalSection(SolutionConfigurationPlatforms) = preSolution
		Ad-Hoc|Any CPU = Ad-Hoc|Any CPU
		Ad-Hoc|ARM = Ad-Hoc|ARM
		Ad-Hoc|iPhone = Ad-Hoc|iPhone
		Ad-Hoc|iPhoneSimulator = Ad-Hoc|iPhoneSimulator
		Ad-Hoc|x64 = Ad-Hoc|x64
		Ad-Hoc|x86 = Ad-Hoc|x86
		AppStore|Any CPU = AppStore|Any CPU
		AppStore|ARM = AppStore|ARM
		AppStore|iPhone = AppStore|iPhone
		AppStore|iPhoneSimulator = AppStore|iPhoneSimulator
		AppStore|x64 = AppStore|x64
		AppStore|x86 = AppStore|x86
		Debug|Any CPU = Debug|Any CPU
		Debug|ARM = Debug|ARM
		Debug|iPhone = Debug|iPhone
		Debug|iPhoneSimulator = Debug|iPhoneSimulator
		Debug|x64 = Debug|x64
		Debug|x86 = Debug|x86
		Release|Any CPU = Release|Any CPU
		Release|ARM = Release|ARM
		Release|iPhone = Release|iPhone
		Release|iPhoneSimulator = Release|iPhoneSimulator
		Release|x64 = Release|x64
		Release|x86 = Release|x86
	EndGlobalSection
	GlobalSection(ProjectConfigurationPlatforms) = postSolution
		{40FD1C7F-F154-44CD-B69F-3A81BF6AE8E3}.Ad-Hoc|Any CPU.ActiveCfg = Release|Any CPU
		{40FD1C7F-F154-44CD-B69F-3A81BF6AE8E3}.Ad-Hoc|Any CPU.Build.0 = Release|Any CPU
		{40FD1C7F-F154-44CD-B69F-3A81BF6AE8E3}.Ad-Hoc|Any CPU.Deploy.0 = Release|Any CPU
		{40FD1C7F-F154-44CD-B69F-3A81BF6AE8E3}.Ad-Hoc|ARM.ActiveCfg = Release|Any CPU
		{40FD1C7F-F154-44CD-B69F-3A81BF6AE8E3}.Ad-Hoc|ARM.Build.0 = Release|Any CPU
		{40FD1C7F-F154-44CD-B69F-3A81BF6AE8E3}.Ad-Hoc|ARM.Deploy.0 = Release|Any CPU
		{40FD1C7F-F154-44CD-B69F-3A81BF6AE8E3}.Ad-Hoc|iPhone.ActiveCfg = Release|Any CPU
		{40FD1C7F-F154-44CD-B69F-3A81BF6AE8E3}.Ad-Hoc|iPhone.Build.0 = Release|Any CPU
		{40FD1C7F-F154-44CD-B69F-3A81BF6AE8E3}.Ad-Hoc|iPhone.Deploy.0 = Release|Any CPU
		{40FD1C7F-F154-44CD-B69F-3A81BF6AE8E3}.Ad-Hoc|iPhoneSimulator.ActiveCfg = Release|Any CPU
		{40FD1C7F-F154-44CD-B69F-3A81BF6AE8E3}.Ad-Hoc|iPhoneSimulator.Build.0 = Release|Any CPU
		{40FD1C7F-F154-44CD-B69F-3A81BF6AE8E3}.Ad-Hoc|iPhoneSimulator.Deploy.0 = Release|Any CPU
		{40FD1C7F-F154-44CD-B69F-3A81BF6AE8E3}.Ad-Hoc|x64.ActiveCfg = Release|Any CPU
		{40FD1C7F-F154-44CD-B69F-3A81BF6AE8E3}.Ad-Hoc|x64.Build.0 = Release|Any CPU
		{40FD1C7F-F154-44CD-B69F-3A81BF6AE8E3}.Ad-Hoc|x64.Deploy.0 = Release|Any CPU
		{40FD1C7F-F154-44CD-B69F-3A81BF6AE8E3}.Ad-Hoc|x86.ActiveCfg = Release|Any CPU
		{40FD1C7F-F154-44CD-B69F-3A81BF6AE8E3}.Ad-Hoc|x86.Build.0 = Release|Any CPU
		{40FD1C7F-F154-44CD-B69F-3A81BF6AE8E3}.Ad-Hoc|x86.Deploy.0 = Release|Any CPU
		{40FD1C7F-F154-44CD-B69F-3A81BF6AE8E3}.AppStore|Any CPU.ActiveCfg = Release|Any CPU
		{40FD1C7F-F154-44CD-B69F-3A81BF6AE8E3}.AppStore|Any CPU.Build.0 = Release|Any CPU
		{40FD1C7F-F154-44CD-B69F-3A81BF6AE8E3}.AppStore|Any CPU.Deploy.0 = Release|Any CPU
		{40FD1C7F-F154-44CD-B69F-3A81BF6AE8E3}.AppStore|ARM.ActiveCfg = Release|Any CPU
		{40FD1C7F-F154-44CD-B69F-3A81BF6AE8E3}.AppStore|ARM.Build.0 = Release|Any CPU
		{40FD1C7F-F154-44CD-B69F-3A81BF6AE8E3}.AppStore|ARM.Deploy.0 = Release|Any CPU
		{40FD1C7F-F154-44CD-B69F-3A81BF6AE8E3}.AppStore|iPhone.ActiveCfg = Release|Any CPU
		{40FD1C7F-F154-44CD-B69F-3A81BF6AE8E3}.AppStore|iPhone.Build.0 = Release|Any CPU
		{40FD1C7F-F154-44CD-B69F-3A81BF6AE8E3}.AppStore|iPhone.Deploy.0 = Release|Any CPU
		{40FD1C7F-F154-44CD-B69F-3A81BF6AE8E3}.AppStore|iPhoneSimulator.ActiveCfg = Release|Any CPU
		{40FD1C7F-F154-44CD-B69F-3A81BF6AE8E3}.AppStore|iPhoneSimulator.Build.0 = Release|Any CPU
		{40FD1C7F-F154-44CD-B69F-3A81BF6AE8E3}.AppStore|iPhoneSimulator.Deploy.0 = Release|Any CPU
		{40FD1C7F-F154-44CD-B69F-3A81BF6AE8E3}.AppStore|x64.ActiveCfg = Release|Any CPU
		{40FD1C7F-F154-44CD-B69F-3A81BF6AE8E3}.AppStore|x64.Build.0 = Release|Any CPU
		{40FD1C7F-F154-44CD-B69F-3A81BF6AE8E3}.AppStore|x64.Deploy.0 = Release|Any CPU
		{40FD1C7F-F154-44CD-B69F-3A81BF6AE8E3}.AppStore|x86.ActiveCfg = Release|Any CPU
		{40FD1C7F-F154-44CD-B69F-3A81BF6AE8E3}.AppStore|x86.Build.0 = Release|Any CPU
		{40FD1C7F-F154-44CD-B69F-3A81BF6AE8E3}.AppStore|x86.Deploy.0 = Release|Any CPU
		{40FD1C7F-F154-44CD-B69F-3A81BF6AE8E3}.Debug|Any CPU.ActiveCfg = Debug|Any CPU
		{40FD1C7F-F154-44CD-B69F-3A81BF6AE8E3}.Debug|Any CPU.Build.0 = Debug|Any CPU
		{40FD1C7F-F154-44CD-B69F-3A81BF6AE8E3}.Debug|Any CPU.Deploy.0 = Debug|Any CPU
		{40FD1C7F-F154-44CD-B69F-3A81BF6AE8E3}.Debug|ARM.ActiveCfg = Debug|Any CPU
		{40FD1C7F-F154-44CD-B69F-3A81BF6AE8E3}.Debug|ARM.Build.0 = Debug|Any CPU
		{40FD1C7F-F154-44CD-B69F-3A81BF6AE8E3}.Debug|ARM.Deploy.0 = Debug|Any CPU
		{40FD1C7F-F154-44CD-B69F-3A81BF6AE8E3}.Debug|iPhone.ActiveCfg = Debug|Any CPU
		{40FD1C7F-F154-44CD-B69F-3A81BF6AE8E3}.Debug|iPhone.Build.0 = Debug|Any CPU
		{40FD1C7F-F154-44CD-B69F-3A81BF6AE8E3}.Debug|iPhone.Deploy.0 = Debug|Any CPU
		{40FD1C7F-F154-44CD-B69F-3A81BF6AE8E3}.Debug|iPhoneSimulator.ActiveCfg = Debug|Any CPU
		{40FD1C7F-F154-44CD-B69F-3A81BF6AE8E3}.Debug|iPhoneSimulator.Build.0 = Debug|Any CPU
		{40FD1C7F-F154-44CD-B69F-3A81BF6AE8E3}.Debug|iPhoneSimulator.Deploy.0 = Debug|Any CPU
		{40FD1C7F-F154-44CD-B69F-3A81BF6AE8E3}.Debug|x64.ActiveCfg = Debug|Any CPU
		{40FD1C7F-F154-44CD-B69F-3A81BF6AE8E3}.Debug|x64.Build.0 = Debug|Any CPU
		{40FD1C7F-F154-44CD-B69F-3A81BF6AE8E3}.Debug|x64.Deploy.0 = Debug|Any CPU
		{40FD1C7F-F154-44CD-B69F-3A81BF6AE8E3}.Debug|x86.ActiveCfg = Debug|Any CPU
		{40FD1C7F-F154-44CD-B69F-3A81BF6AE8E3}.Debug|x86.Build.0 = Debug|Any CPU
		{40FD1C7F-F154-44CD-B69F-3A81BF6AE8E3}.Debug|x86.Deploy.0 = Debug|Any CPU
		{40FD1C7F-F154-44CD-B69F-3A81BF6AE8E3}.Release|Any CPU.ActiveCfg = Release|Any CPU
		{40FD1C7F-F154-44CD-B69F-3A81BF6AE8E3}.Release|Any CPU.Build.0 = Release|Any CPU
		{40FD1C7F-F154-44CD-B69F-3A81BF6AE8E3}.Release|Any CPU.Deploy.0 = Release|Any CPU
		{40FD1C7F-F154-44CD-B69F-3A81BF6AE8E3}.Release|ARM.ActiveCfg = Release|Any CPU
		{40FD1C7F-F154-44CD-B69F-3A81BF6AE8E3}.Release|ARM.Build.0 = Release|Any CPU
		{40FD1C7F-F154-44CD-B69F-3A81BF6AE8E3}.Release|ARM.Deploy.0 = Release|Any CPU
		{40FD1C7F-F154-44CD-B69F-3A81BF6AE8E3}.Release|iPhone.ActiveCfg = Release|Any CPU
		{40FD1C7F-F154-44CD-B69F-3A81BF6AE8E3}.Release|iPhone.Build.0 = Release|Any CPU
		{40FD1C7F-F154-44CD-B69F-3A81BF6AE8E3}.Release|iPhone.Deploy.0 = Release|Any CPU
		{40FD1C7F-F154-44CD-B69F-3A81BF6AE8E3}.Release|iPhoneSimulator.ActiveCfg = Release|Any CPU
		{40FD1C7F-F154-44CD-B69F-3A81BF6AE8E3}.Release|iPhoneSimulator.Build.0 = Release|Any CPU
		{40FD1C7F-F154-44CD-B69F-3A81BF6AE8E3}.Release|iPhoneSimulator.Deploy.0 = Release|Any CPU
		{40FD1C7F-F154-44CD-B69F-3A81BF6AE8E3}.Release|x64.ActiveCfg = Release|Any CPU
		{40FD1C7F-F154-44CD-B69F-3A81BF6AE8E3}.Release|x64.Build.0 = Release|Any CPU
		{40FD1C7F-F154-44CD-B69F-3A81BF6AE8E3}.Release|x64.Deploy.0 = Release|Any CPU
		{40FD1C7F-F154-44CD-B69F-3A81BF6AE8E3}.Release|x86.ActiveCfg = Release|Any CPU
		{40FD1C7F-F154-44CD-B69F-3A81BF6AE8E3}.Release|x86.Build.0 = Release|Any CPU
		{40FD1C7F-F154-44CD-B69F-3A81BF6AE8E3}.Release|x86.Deploy.0 = Release|Any CPU
		{A2D7E961-5B60-4163-BFE4-B909C7681FC3}.Ad-Hoc|Any CPU.ActiveCfg = Ad-Hoc|iPhone
		{A2D7E961-5B60-4163-BFE4-B909C7681FC3}.Ad-Hoc|ARM.ActiveCfg = Ad-Hoc|iPhone
		{A2D7E961-5B60-4163-BFE4-B909C7681FC3}.Ad-Hoc|iPhone.ActiveCfg = Ad-Hoc|iPhone
		{A2D7E961-5B60-4163-BFE4-B909C7681FC3}.Ad-Hoc|iPhone.Build.0 = Ad-Hoc|iPhone
		{A2D7E961-5B60-4163-BFE4-B909C7681FC3}.Ad-Hoc|iPhoneSimulator.ActiveCfg = Ad-Hoc|iPhoneSimulator
		{A2D7E961-5B60-4163-BFE4-B909C7681FC3}.Ad-Hoc|iPhoneSimulator.Build.0 = Ad-Hoc|iPhoneSimulator
		{A2D7E961-5B60-4163-BFE4-B909C7681FC3}.Ad-Hoc|x64.ActiveCfg = Ad-Hoc|iPhone
		{A2D7E961-5B60-4163-BFE4-B909C7681FC3}.Ad-Hoc|x86.ActiveCfg = Ad-Hoc|iPhone
		{A2D7E961-5B60-4163-BFE4-B909C7681FC3}.AppStore|Any CPU.ActiveCfg = AppStore|iPhone
		{A2D7E961-5B60-4163-BFE4-B909C7681FC3}.AppStore|ARM.ActiveCfg = AppStore|iPhone
		{A2D7E961-5B60-4163-BFE4-B909C7681FC3}.AppStore|iPhone.ActiveCfg = AppStore|iPhone
		{A2D7E961-5B60-4163-BFE4-B909C7681FC3}.AppStore|iPhone.Build.0 = AppStore|iPhone
		{A2D7E961-5B60-4163-BFE4-B909C7681FC3}.AppStore|iPhoneSimulator.ActiveCfg = AppStore|iPhoneSimulator
		{A2D7E961-5B60-4163-BFE4-B909C7681FC3}.AppStore|iPhoneSimulator.Build.0 = AppStore|iPhoneSimulator
		{A2D7E961-5B60-4163-BFE4-B909C7681FC3}.AppStore|x64.ActiveCfg = AppStore|iPhone
		{A2D7E961-5B60-4163-BFE4-B909C7681FC3}.AppStore|x86.ActiveCfg = AppStore|iPhone
		{A2D7E961-5B60-4163-BFE4-B909C7681FC3}.Debug|Any CPU.ActiveCfg = Debug|iPhone
		{A2D7E961-5B60-4163-BFE4-B909C7681FC3}.Debug|ARM.ActiveCfg = Debug|iPhone
		{A2D7E961-5B60-4163-BFE4-B909C7681FC3}.Debug|iPhone.ActiveCfg = Debug|iPhone
		{A2D7E961-5B60-4163-BFE4-B909C7681FC3}.Debug|iPhone.Build.0 = Debug|iPhone
		{A2D7E961-5B60-4163-BFE4-B909C7681FC3}.Debug|iPhoneSimulator.ActiveCfg = Debug|iPhoneSimulator
		{A2D7E961-5B60-4163-BFE4-B909C7681FC3}.Debug|iPhoneSimulator.Build.0 = Debug|iPhoneSimulator
		{A2D7E961-5B60-4163-BFE4-B909C7681FC3}.Debug|x64.ActiveCfg = Debug|iPhone
		{A2D7E961-5B60-4163-BFE4-B909C7681FC3}.Debug|x86.ActiveCfg = Debug|iPhone
		{A2D7E961-5B60-4163-BFE4-B909C7681FC3}.Release|Any CPU.ActiveCfg = Release|iPhone
		{A2D7E961-5B60-4163-BFE4-B909C7681FC3}.Release|ARM.ActiveCfg = Release|iPhone
		{A2D7E961-5B60-4163-BFE4-B909C7681FC3}.Release|iPhone.ActiveCfg = Release|iPhone
		{A2D7E961-5B60-4163-BFE4-B909C7681FC3}.Release|iPhone.Build.0 = Release|iPhone
		{A2D7E961-5B60-4163-BFE4-B909C7681FC3}.Release|iPhoneSimulator.ActiveCfg = Release|iPhoneSimulator
		{A2D7E961-5B60-4163-BFE4-B909C7681FC3}.Release|iPhoneSimulator.Build.0 = Release|iPhoneSimulator
		{A2D7E961-5B60-4163-BFE4-B909C7681FC3}.Release|x64.ActiveCfg = Release|iPhone
		{A2D7E961-5B60-4163-BFE4-B909C7681FC3}.Release|x86.ActiveCfg = Release|iPhone
		{1B032319-FA7F-4F94-9AB4-25E1B1B00CDC}.Ad-Hoc|Any CPU.ActiveCfg = Release|Any CPU
		{1B032319-FA7F-4F94-9AB4-25E1B1B00CDC}.Ad-Hoc|Any CPU.Build.0 = Release|Any CPU
		{1B032319-FA7F-4F94-9AB4-25E1B1B00CDC}.Ad-Hoc|Any CPU.Deploy.0 = Release|Any CPU
		{1B032319-FA7F-4F94-9AB4-25E1B1B00CDC}.Ad-Hoc|ARM.ActiveCfg = Release|ARM
		{1B032319-FA7F-4F94-9AB4-25E1B1B00CDC}.Ad-Hoc|ARM.Build.0 = Release|ARM
		{1B032319-FA7F-4F94-9AB4-25E1B1B00CDC}.Ad-Hoc|ARM.Deploy.0 = Release|ARM
		{1B032319-FA7F-4F94-9AB4-25E1B1B00CDC}.Ad-Hoc|iPhone.ActiveCfg = Release|Any CPU
		{1B032319-FA7F-4F94-9AB4-25E1B1B00CDC}.Ad-Hoc|iPhone.Build.0 = Release|Any CPU
		{1B032319-FA7F-4F94-9AB4-25E1B1B00CDC}.Ad-Hoc|iPhone.Deploy.0 = Release|Any CPU
		{1B032319-FA7F-4F94-9AB4-25E1B1B00CDC}.Ad-Hoc|iPhoneSimulator.ActiveCfg = Release|Any CPU
		{1B032319-FA7F-4F94-9AB4-25E1B1B00CDC}.Ad-Hoc|iPhoneSimulator.Build.0 = Release|Any CPU
		{1B032319-FA7F-4F94-9AB4-25E1B1B00CDC}.Ad-Hoc|iPhoneSimulator.Deploy.0 = Release|Any CPU
		{1B032319-FA7F-4F94-9AB4-25E1B1B00CDC}.Ad-Hoc|x64.ActiveCfg = Release|Any CPU
		{1B032319-FA7F-4F94-9AB4-25E1B1B00CDC}.Ad-Hoc|x64.Build.0 = Release|Any CPU
		{1B032319-FA7F-4F94-9AB4-25E1B1B00CDC}.Ad-Hoc|x64.Deploy.0 = Release|Any CPU
		{1B032319-FA7F-4F94-9AB4-25E1B1B00CDC}.Ad-Hoc|x86.ActiveCfg = Release|x86
		{1B032319-FA7F-4F94-9AB4-25E1B1B00CDC}.Ad-Hoc|x86.Build.0 = Release|x86
		{1B032319-FA7F-4F94-9AB4-25E1B1B00CDC}.Ad-Hoc|x86.Deploy.0 = Release|x86
		{1B032319-FA7F-4F94-9AB4-25E1B1B00CDC}.AppStore|Any CPU.ActiveCfg = Release|Any CPU
		{1B032319-FA7F-4F94-9AB4-25E1B1B00CDC}.AppStore|Any CPU.Build.0 = Release|Any CPU
		{1B032319-FA7F-4F94-9AB4-25E1B1B00CDC}.AppStore|Any CPU.Deploy.0 = Release|Any CPU
		{1B032319-FA7F-4F94-9AB4-25E1B1B00CDC}.AppStore|ARM.ActiveCfg = Release|ARM
		{1B032319-FA7F-4F94-9AB4-25E1B1B00CDC}.AppStore|ARM.Build.0 = Release|ARM
		{1B032319-FA7F-4F94-9AB4-25E1B1B00CDC}.AppStore|ARM.Deploy.0 = Release|ARM
		{1B032319-FA7F-4F94-9AB4-25E1B1B00CDC}.AppStore|iPhone.ActiveCfg = Release|Any CPU
		{1B032319-FA7F-4F94-9AB4-25E1B1B00CDC}.AppStore|iPhone.Build.0 = Release|Any CPU
		{1B032319-FA7F-4F94-9AB4-25E1B1B00CDC}.AppStore|iPhone.Deploy.0 = Release|Any CPU
		{1B032319-FA7F-4F94-9AB4-25E1B1B00CDC}.AppStore|iPhoneSimulator.ActiveCfg = Release|Any CPU
		{1B032319-FA7F-4F94-9AB4-25E1B1B00CDC}.AppStore|iPhoneSimulator.Build.0 = Release|Any CPU
		{1B032319-FA7F-4F94-9AB4-25E1B1B00CDC}.AppStore|iPhoneSimulator.Deploy.0 = Release|Any CPU
		{1B032319-FA7F-4F94-9AB4-25E1B1B00CDC}.AppStore|x64.ActiveCfg = Release|Any CPU
		{1B032319-FA7F-4F94-9AB4-25E1B1B00CDC}.AppStore|x64.Build.0 = Release|Any CPU
		{1B032319-FA7F-4F94-9AB4-25E1B1B00CDC}.AppStore|x64.Deploy.0 = Release|Any CPU
		{1B032319-FA7F-4F94-9AB4-25E1B1B00CDC}.AppStore|x86.ActiveCfg = Release|x86
		{1B032319-FA7F-4F94-9AB4-25E1B1B00CDC}.AppStore|x86.Build.0 = Release|x86
		{1B032319-FA7F-4F94-9AB4-25E1B1B00CDC}.AppStore|x86.Deploy.0 = Release|x86
		{1B032319-FA7F-4F94-9AB4-25E1B1B00CDC}.Debug|Any CPU.ActiveCfg = Debug|Any CPU
		{1B032319-FA7F-4F94-9AB4-25E1B1B00CDC}.Debug|ARM.ActiveCfg = Debug|ARM
		{1B032319-FA7F-4F94-9AB4-25E1B1B00CDC}.Debug|ARM.Build.0 = Debug|ARM
		{1B032319-FA7F-4F94-9AB4-25E1B1B00CDC}.Debug|ARM.Deploy.0 = Debug|ARM
		{1B032319-FA7F-4F94-9AB4-25E1B1B00CDC}.Debug|iPhone.ActiveCfg = Debug|Any CPU
		{1B032319-FA7F-4F94-9AB4-25E1B1B00CDC}.Debug|iPhone.Build.0 = Debug|Any CPU
		{1B032319-FA7F-4F94-9AB4-25E1B1B00CDC}.Debug|iPhone.Deploy.0 = Debug|Any CPU
		{1B032319-FA7F-4F94-9AB4-25E1B1B00CDC}.Debug|iPhoneSimulator.ActiveCfg = Debug|Any CPU
		{1B032319-FA7F-4F94-9AB4-25E1B1B00CDC}.Debug|iPhoneSimulator.Build.0 = Debug|Any CPU
		{1B032319-FA7F-4F94-9AB4-25E1B1B00CDC}.Debug|iPhoneSimulator.Deploy.0 = Debug|Any CPU
		{1B032319-FA7F-4F94-9AB4-25E1B1B00CDC}.Debug|x64.ActiveCfg = Debug|Any CPU
		{1B032319-FA7F-4F94-9AB4-25E1B1B00CDC}.Debug|x64.Build.0 = Debug|Any CPU
		{1B032319-FA7F-4F94-9AB4-25E1B1B00CDC}.Debug|x64.Deploy.0 = Debug|Any CPU
		{1B032319-FA7F-4F94-9AB4-25E1B1B00CDC}.Debug|x86.ActiveCfg = Debug|x86
		{1B032319-FA7F-4F94-9AB4-25E1B1B00CDC}.Debug|x86.Build.0 = Debug|x86
		{1B032319-FA7F-4F94-9AB4-25E1B1B00CDC}.Debug|x86.Deploy.0 = Debug|x86
		{1B032319-FA7F-4F94-9AB4-25E1B1B00CDC}.Release|Any CPU.ActiveCfg = Release|Any CPU
		{1B032319-FA7F-4F94-9AB4-25E1B1B00CDC}.Release|Any CPU.Build.0 = Release|Any CPU
		{1B032319-FA7F-4F94-9AB4-25E1B1B00CDC}.Release|Any CPU.Deploy.0 = Release|Any CPU
		{1B032319-FA7F-4F94-9AB4-25E1B1B00CDC}.Release|ARM.ActiveCfg = Release|ARM
		{1B032319-FA7F-4F94-9AB4-25E1B1B00CDC}.Release|ARM.Build.0 = Release|ARM
		{1B032319-FA7F-4F94-9AB4-25E1B1B00CDC}.Release|ARM.Deploy.0 = Release|ARM
		{1B032319-FA7F-4F94-9AB4-25E1B1B00CDC}.Release|iPhone.ActiveCfg = Release|Any CPU
		{1B032319-FA7F-4F94-9AB4-25E1B1B00CDC}.Release|iPhone.Build.0 = Release|Any CPU
		{1B032319-FA7F-4F94-9AB4-25E1B1B00CDC}.Release|iPhone.Deploy.0 = Release|Any CPU
		{1B032319-FA7F-4F94-9AB4-25E1B1B00CDC}.Release|iPhoneSimulator.ActiveCfg = Release|Any CPU
		{1B032319-FA7F-4F94-9AB4-25E1B1B00CDC}.Release|iPhoneSimulator.Build.0 = Release|Any CPU
		{1B032319-FA7F-4F94-9AB4-25E1B1B00CDC}.Release|iPhoneSimulator.Deploy.0 = Release|Any CPU
		{1B032319-FA7F-4F94-9AB4-25E1B1B00CDC}.Release|x64.ActiveCfg = Release|Any CPU
		{1B032319-FA7F-4F94-9AB4-25E1B1B00CDC}.Release|x64.Build.0 = Release|Any CPU
		{1B032319-FA7F-4F94-9AB4-25E1B1B00CDC}.Release|x64.Deploy.0 = Release|Any CPU
		{1B032319-FA7F-4F94-9AB4-25E1B1B00CDC}.Release|x86.ActiveCfg = Release|x86
		{1B032319-FA7F-4F94-9AB4-25E1B1B00CDC}.Release|x86.Build.0 = Release|x86
		{1B032319-FA7F-4F94-9AB4-25E1B1B00CDC}.Release|x86.Deploy.0 = Release|x86
		{0A099E19-A2D3-46C4-AAC2-66DBDBFCADCA}.Ad-Hoc|Any CPU.ActiveCfg = Release|x86
		{0A099E19-A2D3-46C4-AAC2-66DBDBFCADCA}.Ad-Hoc|Any CPU.Build.0 = Release|x86
		{0A099E19-A2D3-46C4-AAC2-66DBDBFCADCA}.Ad-Hoc|Any CPU.Deploy.0 = Release|x86
		{0A099E19-A2D3-46C4-AAC2-66DBDBFCADCA}.Ad-Hoc|ARM.ActiveCfg = Release|ARM
		{0A099E19-A2D3-46C4-AAC2-66DBDBFCADCA}.Ad-Hoc|ARM.Build.0 = Release|ARM
		{0A099E19-A2D3-46C4-AAC2-66DBDBFCADCA}.Ad-Hoc|ARM.Deploy.0 = Release|ARM
		{0A099E19-A2D3-46C4-AAC2-66DBDBFCADCA}.Ad-Hoc|iPhone.ActiveCfg = Release|x86
		{0A099E19-A2D3-46C4-AAC2-66DBDBFCADCA}.Ad-Hoc|iPhone.Build.0 = Release|x86
		{0A099E19-A2D3-46C4-AAC2-66DBDBFCADCA}.Ad-Hoc|iPhone.Deploy.0 = Release|x86
		{0A099E19-A2D3-46C4-AAC2-66DBDBFCADCA}.Ad-Hoc|iPhoneSimulator.ActiveCfg = Release|x86
		{0A099E19-A2D3-46C4-AAC2-66DBDBFCADCA}.Ad-Hoc|iPhoneSimulator.Build.0 = Release|x86
		{0A099E19-A2D3-46C4-AAC2-66DBDBFCADCA}.Ad-Hoc|iPhoneSimulator.Deploy.0 = Release|x86
		{0A099E19-A2D3-46C4-AAC2-66DBDBFCADCA}.Ad-Hoc|x64.ActiveCfg = Release|x64
		{0A099E19-A2D3-46C4-AAC2-66DBDBFCADCA}.Ad-Hoc|x64.Build.0 = Release|x64
		{0A099E19-A2D3-46C4-AAC2-66DBDBFCADCA}.Ad-Hoc|x64.Deploy.0 = Release|x64
		{0A099E19-A2D3-46C4-AAC2-66DBDBFCADCA}.Ad-Hoc|x86.ActiveCfg = Release|x86
		{0A099E19-A2D3-46C4-AAC2-66DBDBFCADCA}.Ad-Hoc|x86.Build.0 = Release|x86
		{0A099E19-A2D3-46C4-AAC2-66DBDBFCADCA}.Ad-Hoc|x86.Deploy.0 = Release|x86
		{0A099E19-A2D3-46C4-AAC2-66DBDBFCADCA}.AppStore|Any CPU.ActiveCfg = Release|x86
		{0A099E19-A2D3-46C4-AAC2-66DBDBFCADCA}.AppStore|Any CPU.Build.0 = Release|x86
		{0A099E19-A2D3-46C4-AAC2-66DBDBFCADCA}.AppStore|Any CPU.Deploy.0 = Release|x86
		{0A099E19-A2D3-46C4-AAC2-66DBDBFCADCA}.AppStore|ARM.ActiveCfg = Release|ARM
		{0A099E19-A2D3-46C4-AAC2-66DBDBFCADCA}.AppStore|ARM.Build.0 = Release|ARM
		{0A099E19-A2D3-46C4-AAC2-66DBDBFCADCA}.AppStore|ARM.Deploy.0 = Release|ARM
		{0A099E19-A2D3-46C4-AAC2-66DBDBFCADCA}.AppStore|iPhone.ActiveCfg = Release|x86
		{0A099E19-A2D3-46C4-AAC2-66DBDBFCADCA}.AppStore|iPhone.Build.0 = Release|x86
		{0A099E19-A2D3-46C4-AAC2-66DBDBFCADCA}.AppStore|iPhone.Deploy.0 = Release|x86
		{0A099E19-A2D3-46C4-AAC2-66DBDBFCADCA}.AppStore|iPhoneSimulator.ActiveCfg = Release|x86
		{0A099E19-A2D3-46C4-AAC2-66DBDBFCADCA}.AppStore|iPhoneSimulator.Build.0 = Release|x86
		{0A099E19-A2D3-46C4-AAC2-66DBDBFCADCA}.AppStore|iPhoneSimulator.Deploy.0 = Release|x86
		{0A099E19-A2D3-46C4-AAC2-66DBDBFCADCA}.AppStore|x64.ActiveCfg = Release|x64
		{0A099E19-A2D3-46C4-AAC2-66DBDBFCADCA}.AppStore|x64.Build.0 = Release|x64
		{0A099E19-A2D3-46C4-AAC2-66DBDBFCADCA}.AppStore|x64.Deploy.0 = Release|x64
		{0A099E19-A2D3-46C4-AAC2-66DBDBFCADCA}.AppStore|x86.ActiveCfg = Release|x86
		{0A099E19-A2D3-46C4-AAC2-66DBDBFCADCA}.AppStore|x86.Build.0 = Release|x86
		{0A099E19-A2D3-46C4-AAC2-66DBDBFCADCA}.AppStore|x86.Deploy.0 = Release|x86
		{0A099E19-A2D3-46C4-AAC2-66DBDBFCADCA}.Debug|Any CPU.ActiveCfg = Debug|x86
		{0A099E19-A2D3-46C4-AAC2-66DBDBFCADCA}.Debug|ARM.ActiveCfg = Debug|ARM
		{0A099E19-A2D3-46C4-AAC2-66DBDBFCADCA}.Debug|ARM.Build.0 = Debug|ARM
		{0A099E19-A2D3-46C4-AAC2-66DBDBFCADCA}.Debug|ARM.Deploy.0 = Debug|ARM
		{0A099E19-A2D3-46C4-AAC2-66DBDBFCADCA}.Debug|iPhone.ActiveCfg = Debug|x86
		{0A099E19-A2D3-46C4-AAC2-66DBDBFCADCA}.Debug|iPhoneSimulator.ActiveCfg = Debug|x86
		{0A099E19-A2D3-46C4-AAC2-66DBDBFCADCA}.Debug|x64.ActiveCfg = Debug|x64
		{0A099E19-A2D3-46C4-AAC2-66DBDBFCADCA}.Debug|x64.Build.0 = Debug|x64
		{0A099E19-A2D3-46C4-AAC2-66DBDBFCADCA}.Debug|x64.Deploy.0 = Debug|x64
		{0A099E19-A2D3-46C4-AAC2-66DBDBFCADCA}.Debug|x86.ActiveCfg = Debug|x86
		{0A099E19-A2D3-46C4-AAC2-66DBDBFCADCA}.Debug|x86.Build.0 = Debug|x86
		{0A099E19-A2D3-46C4-AAC2-66DBDBFCADCA}.Debug|x86.Deploy.0 = Debug|x86
		{0A099E19-A2D3-46C4-AAC2-66DBDBFCADCA}.Release|Any CPU.ActiveCfg = Release|x86
		{0A099E19-A2D3-46C4-AAC2-66DBDBFCADCA}.Release|ARM.ActiveCfg = Release|ARM
		{0A099E19-A2D3-46C4-AAC2-66DBDBFCADCA}.Release|ARM.Build.0 = Release|ARM
		{0A099E19-A2D3-46C4-AAC2-66DBDBFCADCA}.Release|ARM.Deploy.0 = Release|ARM
		{0A099E19-A2D3-46C4-AAC2-66DBDBFCADCA}.Release|iPhone.ActiveCfg = Release|x86
		{0A099E19-A2D3-46C4-AAC2-66DBDBFCADCA}.Release|iPhoneSimulator.ActiveCfg = Release|x86
		{0A099E19-A2D3-46C4-AAC2-66DBDBFCADCA}.Release|x64.ActiveCfg = Release|x64
		{0A099E19-A2D3-46C4-AAC2-66DBDBFCADCA}.Release|x64.Build.0 = Release|x64
		{0A099E19-A2D3-46C4-AAC2-66DBDBFCADCA}.Release|x64.Deploy.0 = Release|x64
		{0A099E19-A2D3-46C4-AAC2-66DBDBFCADCA}.Release|x86.ActiveCfg = Release|x86
		{0A099E19-A2D3-46C4-AAC2-66DBDBFCADCA}.Release|x86.Build.0 = Release|x86
		{0A099E19-A2D3-46C4-AAC2-66DBDBFCADCA}.Release|x86.Deploy.0 = Release|x86
		{7C808DC3-63B2-4679-904D-2519598182EE}.Ad-Hoc|Any CPU.ActiveCfg = Release|Any CPU
		{7C808DC3-63B2-4679-904D-2519598182EE}.Ad-Hoc|Any CPU.Build.0 = Release|Any CPU
		{7C808DC3-63B2-4679-904D-2519598182EE}.Ad-Hoc|Any CPU.Deploy.0 = Release|Any CPU
		{7C808DC3-63B2-4679-904D-2519598182EE}.Ad-Hoc|ARM.ActiveCfg = Release|ARM
		{7C808DC3-63B2-4679-904D-2519598182EE}.Ad-Hoc|ARM.Build.0 = Release|ARM
		{7C808DC3-63B2-4679-904D-2519598182EE}.Ad-Hoc|ARM.Deploy.0 = Release|ARM
		{7C808DC3-63B2-4679-904D-2519598182EE}.Ad-Hoc|iPhone.ActiveCfg = Release|Any CPU
		{7C808DC3-63B2-4679-904D-2519598182EE}.Ad-Hoc|iPhone.Build.0 = Release|Any CPU
		{7C808DC3-63B2-4679-904D-2519598182EE}.Ad-Hoc|iPhone.Deploy.0 = Release|Any CPU
		{7C808DC3-63B2-4679-904D-2519598182EE}.Ad-Hoc|iPhoneSimulator.ActiveCfg = Release|Any CPU
		{7C808DC3-63B2-4679-904D-2519598182EE}.Ad-Hoc|iPhoneSimulator.Build.0 = Release|Any CPU
		{7C808DC3-63B2-4679-904D-2519598182EE}.Ad-Hoc|iPhoneSimulator.Deploy.0 = Release|Any CPU
		{7C808DC3-63B2-4679-904D-2519598182EE}.Ad-Hoc|x64.ActiveCfg = Release|x64
		{7C808DC3-63B2-4679-904D-2519598182EE}.Ad-Hoc|x64.Build.0 = Release|x64
		{7C808DC3-63B2-4679-904D-2519598182EE}.Ad-Hoc|x64.Deploy.0 = Release|x64
		{7C808DC3-63B2-4679-904D-2519598182EE}.Ad-Hoc|x86.ActiveCfg = Release|x86
		{7C808DC3-63B2-4679-904D-2519598182EE}.Ad-Hoc|x86.Build.0 = Release|x86
		{7C808DC3-63B2-4679-904D-2519598182EE}.Ad-Hoc|x86.Deploy.0 = Release|x86
		{7C808DC3-63B2-4679-904D-2519598182EE}.AppStore|Any CPU.ActiveCfg = Release|Any CPU
		{7C808DC3-63B2-4679-904D-2519598182EE}.AppStore|Any CPU.Build.0 = Release|Any CPU
		{7C808DC3-63B2-4679-904D-2519598182EE}.AppStore|Any CPU.Deploy.0 = Release|Any CPU
		{7C808DC3-63B2-4679-904D-2519598182EE}.AppStore|ARM.ActiveCfg = Release|ARM
		{7C808DC3-63B2-4679-904D-2519598182EE}.AppStore|ARM.Build.0 = Release|ARM
		{7C808DC3-63B2-4679-904D-2519598182EE}.AppStore|ARM.Deploy.0 = Release|ARM
		{7C808DC3-63B2-4679-904D-2519598182EE}.AppStore|iPhone.ActiveCfg = Release|Any CPU
		{7C808DC3-63B2-4679-904D-2519598182EE}.AppStore|iPhone.Build.0 = Release|Any CPU
		{7C808DC3-63B2-4679-904D-2519598182EE}.AppStore|iPhone.Deploy.0 = Release|Any CPU
		{7C808DC3-63B2-4679-904D-2519598182EE}.AppStore|iPhoneSimulator.ActiveCfg = Release|Any CPU
		{7C808DC3-63B2-4679-904D-2519598182EE}.AppStore|iPhoneSimulator.Build.0 = Release|Any CPU
		{7C808DC3-63B2-4679-904D-2519598182EE}.AppStore|iPhoneSimulator.Deploy.0 = Release|Any CPU
		{7C808DC3-63B2-4679-904D-2519598182EE}.AppStore|x64.ActiveCfg = Release|x64
		{7C808DC3-63B2-4679-904D-2519598182EE}.AppStore|x64.Build.0 = Release|x64
		{7C808DC3-63B2-4679-904D-2519598182EE}.AppStore|x64.Deploy.0 = Release|x64
		{7C808DC3-63B2-4679-904D-2519598182EE}.AppStore|x86.ActiveCfg = Release|x86
		{7C808DC3-63B2-4679-904D-2519598182EE}.AppStore|x86.Build.0 = Release|x86
		{7C808DC3-63B2-4679-904D-2519598182EE}.AppStore|x86.Deploy.0 = Release|x86
		{7C808DC3-63B2-4679-904D-2519598182EE}.Debug|Any CPU.ActiveCfg = Debug|Any CPU
		{7C808DC3-63B2-4679-904D-2519598182EE}.Debug|ARM.ActiveCfg = Debug|ARM
		{7C808DC3-63B2-4679-904D-2519598182EE}.Debug|ARM.Build.0 = Debug|ARM
		{7C808DC3-63B2-4679-904D-2519598182EE}.Debug|ARM.Deploy.0 = Debug|ARM
		{7C808DC3-63B2-4679-904D-2519598182EE}.Debug|iPhone.ActiveCfg = Debug|Any CPU
		{7C808DC3-63B2-4679-904D-2519598182EE}.Debug|iPhone.Build.0 = Debug|Any CPU
		{7C808DC3-63B2-4679-904D-2519598182EE}.Debug|iPhone.Deploy.0 = Debug|Any CPU
		{7C808DC3-63B2-4679-904D-2519598182EE}.Debug|iPhoneSimulator.ActiveCfg = Debug|Any CPU
		{7C808DC3-63B2-4679-904D-2519598182EE}.Debug|iPhoneSimulator.Build.0 = Debug|Any CPU
		{7C808DC3-63B2-4679-904D-2519598182EE}.Debug|iPhoneSimulator.Deploy.0 = Debug|Any CPU
		{7C808DC3-63B2-4679-904D-2519598182EE}.Debug|x64.ActiveCfg = Debug|x64
		{7C808DC3-63B2-4679-904D-2519598182EE}.Debug|x64.Build.0 = Debug|x64
		{7C808DC3-63B2-4679-904D-2519598182EE}.Debug|x64.Deploy.0 = Debug|x64
		{7C808DC3-63B2-4679-904D-2519598182EE}.Debug|x86.ActiveCfg = Debug|x86
		{7C808DC3-63B2-4679-904D-2519598182EE}.Debug|x86.Build.0 = Debug|x86
		{7C808DC3-63B2-4679-904D-2519598182EE}.Debug|x86.Deploy.0 = Debug|x86
		{7C808DC3-63B2-4679-904D-2519598182EE}.Release|Any CPU.ActiveCfg = Release|Any CPU
		{7C808DC3-63B2-4679-904D-2519598182EE}.Release|Any CPU.Build.0 = Release|Any CPU
		{7C808DC3-63B2-4679-904D-2519598182EE}.Release|Any CPU.Deploy.0 = Release|Any CPU
		{7C808DC3-63B2-4679-904D-2519598182EE}.Release|ARM.ActiveCfg = Release|ARM
		{7C808DC3-63B2-4679-904D-2519598182EE}.Release|ARM.Build.0 = Release|ARM
		{7C808DC3-63B2-4679-904D-2519598182EE}.Release|ARM.Deploy.0 = Release|ARM
		{7C808DC3-63B2-4679-904D-2519598182EE}.Release|iPhone.ActiveCfg = Release|Any CPU
		{7C808DC3-63B2-4679-904D-2519598182EE}.Release|iPhone.Build.0 = Release|Any CPU
		{7C808DC3-63B2-4679-904D-2519598182EE}.Release|iPhone.Deploy.0 = Release|Any CPU
		{7C808DC3-63B2-4679-904D-2519598182EE}.Release|iPhoneSimulator.ActiveCfg = Release|Any CPU
		{7C808DC3-63B2-4679-904D-2519598182EE}.Release|iPhoneSimulator.Build.0 = Release|Any CPU
		{7C808DC3-63B2-4679-904D-2519598182EE}.Release|iPhoneSimulator.Deploy.0 = Release|Any CPU
		{7C808DC3-63B2-4679-904D-2519598182EE}.Release|x64.ActiveCfg = Release|x64
		{7C808DC3-63B2-4679-904D-2519598182EE}.Release|x64.Build.0 = Release|x64
		{7C808DC3-63B2-4679-904D-2519598182EE}.Release|x64.Deploy.0 = Release|x64
		{7C808DC3-63B2-4679-904D-2519598182EE}.Release|x86.ActiveCfg = Release|x86
		{7C808DC3-63B2-4679-904D-2519598182EE}.Release|x86.Build.0 = Release|x86
		{7C808DC3-63B2-4679-904D-2519598182EE}.Release|x86.Deploy.0 = Release|x86
		{1584E344-3E39-48DC-8CAE-D6122A517169}.Ad-Hoc|Any CPU.ActiveCfg = Release|Any CPU
		{1584E344-3E39-48DC-8CAE-D6122A517169}.Ad-Hoc|Any CPU.Build.0 = Release|Any CPU
		{1584E344-3E39-48DC-8CAE-D6122A517169}.Ad-Hoc|ARM.ActiveCfg = Release|Any CPU
		{1584E344-3E39-48DC-8CAE-D6122A517169}.Ad-Hoc|ARM.Build.0 = Release|Any CPU
		{1584E344-3E39-48DC-8CAE-D6122A517169}.Ad-Hoc|iPhone.ActiveCfg = Release|Any CPU
		{1584E344-3E39-48DC-8CAE-D6122A517169}.Ad-Hoc|iPhone.Build.0 = Release|Any CPU
		{1584E344-3E39-48DC-8CAE-D6122A517169}.Ad-Hoc|iPhoneSimulator.ActiveCfg = Release|Any CPU
		{1584E344-3E39-48DC-8CAE-D6122A517169}.Ad-Hoc|iPhoneSimulator.Build.0 = Release|Any CPU
		{1584E344-3E39-48DC-8CAE-D6122A517169}.Ad-Hoc|x64.ActiveCfg = Release|Any CPU
		{1584E344-3E39-48DC-8CAE-D6122A517169}.Ad-Hoc|x64.Build.0 = Release|Any CPU
		{1584E344-3E39-48DC-8CAE-D6122A517169}.Ad-Hoc|x86.ActiveCfg = Release|Any CPU
		{1584E344-3E39-48DC-8CAE-D6122A517169}.Ad-Hoc|x86.Build.0 = Release|Any CPU
		{1584E344-3E39-48DC-8CAE-D6122A517169}.AppStore|Any CPU.ActiveCfg = Release|Any CPU
		{1584E344-3E39-48DC-8CAE-D6122A517169}.AppStore|Any CPU.Build.0 = Release|Any CPU
		{1584E344-3E39-48DC-8CAE-D6122A517169}.AppStore|ARM.ActiveCfg = Release|Any CPU
		{1584E344-3E39-48DC-8CAE-D6122A517169}.AppStore|ARM.Build.0 = Release|Any CPU
		{1584E344-3E39-48DC-8CAE-D6122A517169}.AppStore|iPhone.ActiveCfg = Release|Any CPU
		{1584E344-3E39-48DC-8CAE-D6122A517169}.AppStore|iPhone.Build.0 = Release|Any CPU
		{1584E344-3E39-48DC-8CAE-D6122A517169}.AppStore|iPhoneSimulator.ActiveCfg = Release|Any CPU
		{1584E344-3E39-48DC-8CAE-D6122A517169}.AppStore|iPhoneSimulator.Build.0 = Release|Any CPU
		{1584E344-3E39-48DC-8CAE-D6122A517169}.AppStore|x64.ActiveCfg = Release|Any CPU
		{1584E344-3E39-48DC-8CAE-D6122A517169}.AppStore|x64.Build.0 = Release|Any CPU
		{1584E344-3E39-48DC-8CAE-D6122A517169}.AppStore|x86.ActiveCfg = Release|Any CPU
		{1584E344-3E39-48DC-8CAE-D6122A517169}.AppStore|x86.Build.0 = Release|Any CPU
		{1584E344-3E39-48DC-8CAE-D6122A517169}.Debug|Any CPU.ActiveCfg = Debug|Any CPU
		{1584E344-3E39-48DC-8CAE-D6122A517169}.Debug|Any CPU.Build.0 = Debug|Any CPU
		{1584E344-3E39-48DC-8CAE-D6122A517169}.Debug|ARM.ActiveCfg = Debug|Any CPU
		{1584E344-3E39-48DC-8CAE-D6122A517169}.Debug|ARM.Build.0 = Debug|Any CPU
		{1584E344-3E39-48DC-8CAE-D6122A517169}.Debug|iPhone.ActiveCfg = Debug|Any CPU
		{1584E344-3E39-48DC-8CAE-D6122A517169}.Debug|iPhone.Build.0 = Debug|Any CPU
		{1584E344-3E39-48DC-8CAE-D6122A517169}.Debug|iPhoneSimulator.ActiveCfg = Debug|Any CPU
		{1584E344-3E39-48DC-8CAE-D6122A517169}.Debug|iPhoneSimulator.Build.0 = Debug|Any CPU
		{1584E344-3E39-48DC-8CAE-D6122A517169}.Debug|x64.ActiveCfg = Debug|Any CPU
		{1584E344-3E39-48DC-8CAE-D6122A517169}.Debug|x64.Build.0 = Debug|Any CPU
		{1584E344-3E39-48DC-8CAE-D6122A517169}.Debug|x86.ActiveCfg = Debug|Any CPU
		{1584E344-3E39-48DC-8CAE-D6122A517169}.Debug|x86.Build.0 = Debug|Any CPU
		{1584E344-3E39-48DC-8CAE-D6122A517169}.Release|Any CPU.ActiveCfg = Release|Any CPU
		{1584E344-3E39-48DC-8CAE-D6122A517169}.Release|Any CPU.Build.0 = Release|Any CPU
		{1584E344-3E39-48DC-8CAE-D6122A517169}.Release|ARM.ActiveCfg = Release|Any CPU
		{1584E344-3E39-48DC-8CAE-D6122A517169}.Release|ARM.Build.0 = Release|Any CPU
		{1584E344-3E39-48DC-8CAE-D6122A517169}.Release|iPhone.ActiveCfg = Release|Any CPU
		{1584E344-3E39-48DC-8CAE-D6122A517169}.Release|iPhone.Build.0 = Release|Any CPU
		{1584E344-3E39-48DC-8CAE-D6122A517169}.Release|iPhoneSimulator.ActiveCfg = Release|Any CPU
		{1584E344-3E39-48DC-8CAE-D6122A517169}.Release|iPhoneSimulator.Build.0 = Release|Any CPU
		{1584E344-3E39-48DC-8CAE-D6122A517169}.Release|x64.ActiveCfg = Release|Any CPU
		{1584E344-3E39-48DC-8CAE-D6122A517169}.Release|x64.Build.0 = Release|Any CPU
		{1584E344-3E39-48DC-8CAE-D6122A517169}.Release|x86.ActiveCfg = Release|Any CPU
		{1584E344-3E39-48DC-8CAE-D6122A517169}.Release|x86.Build.0 = Release|Any CPU
	EndGlobalSection
	GlobalSection(SolutionProperties) = preSolution
		HideSolutionNode = FALSE
	EndGlobalSection
EndGlobal
